{
  "version": 1,
  "dependencies": {
    "net10.0-windows10.0.19041": {
      "wootodo.core": {
        "type": "Project"
      },
      "wootodo.storage": {
        "type": "Project",
        "dependencies": {
          "WooTodo.Core": "[0.1.11, )"
        }
      }
    },
    "net10.0-windows10.0.19041/win-x64": {}
  }
}